// !$*UTF8*$!
{
	archiveVersion = 1;
	classes = {
	};
	objectVersion = 46;
	objects = {

/* Begin PBXBuildFile section */
		400F6A5E1B461DE9007E76E3 /* main.m in Sources */ = {isa = PBXBuildFile; fileRef = 400F6A5D1B461DE9007E76E3 /* main.m */; };
		400F6A611B461DE9007E76E3 /* AppDelegate.m in Sources */ = {isa = PBXBuildFile; fileRef = 400F6A601B461DE9007E76E3 /* AppDelegate.m */; };
		400F6A641B461DE9007E76E3 /* ViewController.m in Sources */ = {isa = PBXBuildFile; fileRef = 400F6A631B461DE9007E76E3 /* ViewController.m */; };
		400F6A691B461DE9007E76E3 /* Images.xcassets in Resources */ = {isa = PBXBuildFile; fileRef = 400F6A681B461DE9007E76E3 /* Images.xcassets */; };
		400F6A6C1B461DE9007E76E3 /* LaunchScreen.xib in Resources */ = {isa = PBXBuildFile; fileRef = 400F6A6A1B461DE9007E76E3 /* LaunchScreen.xib */; };
		400F6A781B461DEA007E76E3 /* CustomRatingBarTests.m in Sources */ = {isa = PBXBuildFile; fileRef = 400F6A771B461DEA007E76E3 /* CustomRatingBarTests.m */; };
		400F6A831B461E3E007E76E3 /* RatingBar.m in Sources */ = {isa = PBXBuildFile; fileRef = 400F6A821B461E3E007E76E3 /* RatingBar.m */; };
/* End PBXBuildFile section */

/* Begin PBXContainerItemProxy section */
		400F6A721B461DEA007E76E3 /* PBXContainerItemProxy */ = {
			isa = PBXContainerItemProxy;
			containerPortal = 400F6A501B461DE9007E76E3 /* Project object */;
			proxyType = 1;
			remoteGlobalIDString = 400F6A571B461DE9007E76E3;
			remoteInfo = CustomRatingBar;
		};
/* End PBXContainerItemProxy section */

/* Begin PBXFileReference section */
		400F6A581B461DE9007E76E3 /* CustomRatingBar.app */ = {isa = PBXFileReference; explicitFileType = wrapper.application; includeInIndex = 0; path = CustomRatingBar.app; sourceTree = BUILT_PRODUCTS_DIR; };
		400F6A5C1B461DE9007E76E3 /* Info.plist */ = {isa = PBXFileReference; lastKnownFileType = text.plist.xml; path = Info.plist; sourceTree = "<group>"; };
		400F6A5D1B461DE9007E76E3 /* main.m */ = {isa = PBXFileReference; lastKnownFileType = sourcecode.c.objc; path = main.m; sourceTree = "<group>"; };
		400F6A5F1B461DE9007E76E3 /* AppDelegate.h */ = {isa = PBXFileReference; lastKnownFileType = sourcecode.c.h; path = AppDelegate.h; sourceTree = "<group>"; };
		400F6A601B461DE9007E76E3 /* AppDelegate.m */ = {isa = PBXFileReference; lastKnownFileType = sourcecode.c.objc; path = AppDelegate.m; sourceTree = "<group>"; };
		400F6A621B461DE9007E76E3 /* ViewController.h */ = {isa = PBXFileReference; lastKnownFileType = sourcecode.c.h; path = ViewController.h; sourceTree = "<group>"; };
		400F6A631B461DE9007E76E3 /* ViewController.m */ = {isa = PBXFileReference; lastKnownFileType = sourcecode.c.objc; path = ViewController.m; sourceTree = "<group>"; };
		400F6A681B461DE9007E76E3 /* Images.xcassets */ = {isa = PBXFileReference; lastKnownFileType = folder.assetcatalog; path = Images.xcassets; sourceTree = "<group>"; };
		400F6A6B1B461DE9007E76E3 /* Base */ = {isa = PBXFileReference; lastKnownFileType = file.xib; name = Base; path = Base.lproj/LaunchScreen.xib; sourceTree = "<group>"; };
		400F6A711B461DEA007E76E3 /* CustomRatingBarTests.xctest */ = {isa = PBXFileReference; explicitFileType = wrapper.cfbundle; includeInIndex = 0; path = CustomRatingBarTests.xctest; sourceTree = BUILT_PRODUCTS_DIR; };
		400F6A761B461DEA007E76E3 /* Info.plist */ = {isa = PBXFileReference; lastKnownFileType = text.plist.xml; path = Info.plist; sourceTree = "<group>"; };
		400F6A771B461DEA007E76E3 /* CustomRatingBarTests.m */ = {isa = PBXFileReference; lastKnownFileType = sourcecode.c.objc; path = CustomRatingBarTests.m; sourceTree = "<group>"; };
		400F6A811B461E3E007E76E3 /* RatingBar.h */ = {isa = PBXFileReference; fileEncoding = 4; lastKnownFileType = sourcecode.c.h; path = RatingBar.h; sourceTree = "<group>"; };
		400F6A821B461E3E007E76E3 /* RatingBar.m */ = {isa = PBXFileReference; fileEncoding = 4; lastKnownFileType = sourcecode.c.objc; path = RatingBar.m; sourceTree = "<group>"; };
/* End PBXFileReference section */

/* Begin PBXFrameworksBuildPhase section */
		400F6A551B461DE9007E76E3 /* Frameworks */ = {
			isa = PBXFrameworksBuildPhase;
			buildActionMask = 2147483647;
			files = (
			);
			runOnlyForDeploymentPostprocessing = 0;
		};
		400F6A6E1B461DEA007E76E3 /* Frameworks */ = {
			isa = PBXFrameworksBuildPhase;
			buildActionMask = 2147483647;
			files = (
			);
			runOnlyForDeploymentPostprocessing = 0;
		};
/* End PBXFrameworksBuildPhase section */

/* Begin PBXGroup section */
		400F6A4F1B461DE9007E76E3 = {
			isa = PBXGroup;
			children = (
				400F6A5A1B461DE9007E76E3 /* CustomRatingBar */,
				400F6A741B461DEA007E76E3 /* CustomRatingBarTests */,
				400F6A591B461DE9007E76E3 /* Products */,
			);
			sourceTree = "<group>";
		};
		400F6A591B461DE9007E76E3 /* Products */ = {
			isa = PBXGroup;
			children = (
				400F6A581B461DE9007E76E3 /* CustomRatingBar.app */,
				400F6A711B461DEA007E76E3 /* CustomRatingBarTests.xctest */,
			);
			name = Products;
			sourceTree = "<group>";
		};
		400F6A5A1B461DE9007E76E3 /* CustomRatingBar */ = {
			isa = PBXGroup;
			children = (
				400F6A811B461E3E007E76E3 /* RatingBar.h */,
				400F6A821B461E3E007E76E3 /* RatingBar.m */,
				400F6A5F1B461DE9007E76E3 /* AppDelegate.h */,
				400F6A601B461DE9007E76E3 /* AppDelegate.m */,
				400F6A621B461DE9007E76E3 /* ViewController.h */,
				400F6A631B461DE9007E76E3 /* ViewController.m */,
				400F6A681B461DE9007E76E3 /* Images.xcassets */,
				400F6A6A1B461DE9007E76E3 /* LaunchScreen.xib */,
				400F6A5B1B461DE9007E76E3 /* Supporting Files */,
			);
			path = CustomRatingBar;
			sourceTree = "<group>";
		};
		400F6A5B1B461DE9007E76E3 /* Supporting Files */ = {
			isa = PBXGroup;
			children = (
				400F6A5C1B461DE9007E76E3 /* Info.plist */,
				400F6A5D1B461DE9007E76E3 /* main.m */,
			);
			name = "Supporting Files";
			sourceTree = "<group>";
		};
		400F6A741B461DEA007E76E3 /* CustomRatingBarTests */ = {
			isa = PBXGroup;
			children = (
				400F6A771B461DEA007E76E3 /* CustomRatingBarTests.m */,
				400F6A751B461DEA007E76E3 /* Supporting Files */,
			);
			path = CustomRatingBarTests;
			sourceTree = "<group>";
		};
		400F6A751B461DEA007E76E3 /* Supporting Files */ = {
			isa = PBXGroup;
			children = (
				400F6A761B461DEA007E76E3 /* Info.plist */,
			);
			name = "Supporting Files";
			sourceTree = "<group>";
		};
/* End PBXGroup section */

/* Begin PBXNativeTarget section */
		400F6A571B461DE9007E76E3 /* CustomRatingBar */ = {
			isa = PBXNativeTarget;
			buildConfigurationList = 400F6A7B1B461DEA007E76E3 /* Build configuration list for PBXNativeTarget "CustomRatingBar" */;
			buildPhases = (
				400F6A541B461DE9007E76E3 /* Sources */,
				400F6A551B461DE9007E76E3 /* Frameworks */,
				400F6A561B461DE9007E76E3 /* Resources */,
			);
			buildRules = (
			);
			dependencies = (
			);
			name = CustomRatingBar;
			productName = CustomRatingBar;
			productReference = 400F6A581B461DE9007E76E3 /* CustomRatingBar.app */;
			productType = "com.apple.product-type.application";
		};
		400F6A701B461DEA007E76E3 /* CustomRatingBarTests */ = {
			isa = PBXNativeTarget;
			buildConfigurationList = 400F6A7E1B461DEA007E76E3 /* Build configuration list for PBXNativeTarget "CustomRatingBarTests" */;
			buildPhases = (
				400F6A6D1B461DEA007E76E3 /* Sources */,
				400F6A6E1B461DEA007E76E3 /* Frameworks */,
				400F6A6F1B461DEA007E76E3 /* Resources */,
			);
			buildRules = (
			);
			dependencies = (
				400F6A731B461DEA007E76E3 /* PBXTargetDependency */,
			);
			name = CustomRatingBarTests;
			productName = CustomRatingBarTests;
			productReference = 400F6A711B461DEA007E76E3 /* CustomRatingBarTests.xctest */;
			productType = "com.apple.product-type.bundle.unit-test";
		};
/* End PBXNativeTarget section */

/* Begin PBXProject section */
		400F6A501B461DE9007E76E3 /* Project object */ = {
			isa = PBXProject;
			attributes = {
				LastUpgradeCheck = 0630;
				ORGANIZATIONNAME = HHL;
				TargetAttributes = {
					400F6A571B461DE9007E76E3 = {
						CreatedOnToolsVersion = 6.3.2;
					};
					400F6A701B461DEA007E76E3 = {
						CreatedOnToolsVersion = 6.3.2;
						TestTargetID = 400F6A571B461DE9007E76E3;
					};
				};
			};
			buildConfigurationList = 400F6A531B461DE9007E76E3 /* Build configuration list for PBXProject "CustomRatingBar" */;
			compatibilityVersion = "Xcode 3.2";
			developmentRegion = English;
			hasScannedForEncodings = 0;
			knownRegions = (
				en,
				Base,
			);
			mainGroup = 400F6A4F1B461DE9007E76E3;
			productRefGroup = 400F6A591B461DE9007E76E3 /* Products */;
			projectDirPath = "";
			projectRoot = "";
			targets = (
				400F6A571B461DE9007E76E3 /* CustomRatingBar */,
				400F6A701B461DEA007E76E3 /* CustomRatingBarTests */,
			);
		};
/* End PBXProject section */

/* Begin PBXResourcesBuildPhase section */
		400F6A561B461DE9007E76E3 /* Resources */ = {
			isa = PBXResourcesBuildPhase;
			buildActionMask = 2147483647;
			files = (
				400F6A6C1B461DE9007E76E3 /* LaunchScreen.xib in Resources */,
				400F6A691B461DE9007E76E3 /* Images.xcassets in Resources */,
			);
			runOnlyForDeploymentPostprocessing = 0;
		};
		400F6A6F1B461DEA007E76E3 /* Resources */ = {
			isa = PBXResourcesBuildPhase;
			buildActionMask = 2147483647;
			files = (
			);
			runOnlyForDeploymentPostprocessing = 0;
		};
/* End PBXResourcesBuildPhase section */

/* Begin PBXSourcesBuildPhase section */
		400F6A541B461DE9007E76E3 /* Sources */ = {
			isa = PBXSourcesBuildPhase;
			buildActionMask = 2147483647;
			files = (
				400F6A831B461E3E007E76E3 /* RatingBar.m in Sources */,
				400F6A641B461DE9007E76E3 /* ViewController.m in Sources */,
				400F6A611B461DE9007E76E3 /* AppDelegate.m in Sources */,
				400F6A5E1B461DE9007E76E3 /* main.m in Sources */,
			);
			runOnlyForDeploymentPostprocessing = 0;
		};
		400F6A6D1B461DEA007E76E3 /* Sources */ = {
			isa = PBXSourcesBuildPhase;
			buildActionMask = 2147483647;
			files = (
				400F6A781B461DEA007E76E3 /* CustomRatingBarTests.m in Sources */,
			);
			runOnlyForDeploymentPostprocessing = 0;
		};
/* End PBXSourcesBuildPhase section */

/* Begin PBXTargetDependency section */
		400F6A731B461DEA007E76E3 /* PBXTargetDependency */ = {
			isa = PBXTargetDependency;
			target = 400F6A571B461DE9007E76E3 /* CustomRatingBar */;
			targetProxy = 400F6A721B461DEA007E76E3 /* PBXContainerItemProxy */;
		};
/* End PBXTargetDependency section */

/* Begin PBXVariantGroup section */
		400F6A6A1B461DE9007E76E3 /* LaunchScreen.xib */ = {
			isa = PBXVariantGroup;
			children = (
				400F6A6B1B461DE9007E76E3 /* Base */,
			);
			name = LaunchScreen.xib;
			sourceTree = "<group>";
		};
/* End PBXVariantGroup section */

/* Begin XCBuildConfiguration section */
		400F6A791B461DEA007E76E3 /* Debug */ = {
			isa = XCBuildConfiguration;
			buildSettings = {
				ALWAYS_SEARCH_USER_PATHS = NO;
				CLANG_CXX_LANGUAGE_STANDARD = "gnu++0x";
				CLANG_CXX_LIBRARY = "libc++";
				CLANG_ENABLE_MODULES = YES;
				CLANG_ENABLE_OBJC_ARC = YES;
				CLANG_WARN_BOOL_CONVERSION = YES;
				CLANG_WARN_CONSTANT_CONVERSION = YES;
				CLANG_WARN_DIRECT_OBJC_ISA_USAGE = YES_ERROR;
				CLANG_WARN_EMPTY_BODY = YES;
				CLANG_WARN_ENUM_CONVERSION = YES;
				CLANG_WARN_INT_CONVERSION = YES;
				CLANG_WARN_OBJC_ROOT_CLASS = YES_ERROR;
				CLANG_WARN_UNREACHABLE_CODE = YES;
				CLANG_WARN__DUPLICATE_METHOD_MATCH = YES;
				"CODE_SIGN_IDENTITY[sdk=iphoneos*]" = "iPhone Developer";
				COPY_PHASE_STRIP = NO;
				DEBUG_INFORMATION_FORMAT = "dwarf-with-dsym";
				ENABLE_STRICT_OBJC_MSGSEND = YES;
				GCC_C_LANGUAGE_STANDARD = gnu99;
				GCC_DYNAMIC_NO_PIC = NO;
				GCC_NO_COMMON_BLOCKS = YES;
				GCC_OPTIMIZATION_LEVEL = 0;
				GCC_PREPROCESSOR_DEFINITIONS = (
					"DEBUG=1",
					"$(inherited)",
				);
				GCC_SYMBOLS_PRIVATE_EXTERN = NO;
				GCC_WARN_64_TO_32_BIT_CONVERSION = YES;
				GCC_WARN_ABOUT_RETURN_TYPE = YES_ERROR;
				GCC_WARN_UNDECLARED_SELECTOR = YES;
				GCC_WARN_UNINITIALIZED_AUTOS = YES_AGGRESSIVE;
				GCC_WARN_UNUSED_FUNCTION = YES;
				GCC_WARN_UNUSED_VARIABLE = YES;
				IPHONEOS_DEPLOYMENT_TARGET = 8.3;
				MTL_ENABLE_DEBUG_INFO = YES;
				ONLY_ACTIVE_ARCH = YES;
				SDKROOT = iphoneos;
			};
			name = Debug;
		};
		400F6A7A1B461DEA007E76E3 /* Release */ = {
			isa = XCBuildConfiguration;
			buildSettings = {
				ALWAYS_SEARCH_USER_PATHS = NO;
				CLANG_CXX_LANGUAGE_STANDARD = "gnu++0x";
				CLANG_CXX_LIBRARY = "libc++";
				CLANG_ENABLE_MODULES = YES;
				CLANG_ENABLE_OBJC_ARC = YES;
				CLANG_WARN_BOOL_CONVERSION = YES;
				CLANG_WARN_CONSTANT_CONVERSION = YES;
				CLANG_WARN_DIRECT_OBJC_ISA_USAGE = YES_ERROR;
				CLANG_WARN_EMPTY_BODY = YES;
				CLANG_WARN_ENUM_CONVERSION = YES;
				CLANG_WARN_INT_CONVERSION = YES;
				CLANG_WARN_OBJC_ROOT_CLASS = YES_ERROR;
				CLANG_WARN_UNREACHABLE_CODE = YES;
				CLANG_WARN__DUPLICATE_METHOD_MATCH = YES;
				"CODE_SIGN_IDENTITY[sdk=iphoneos*]" = "iPhone Developer";
				COPY_PHASE_STRIP = NO;
				DEBUG_INFORMATION_FORMAT = "dwarf-with-dsym";
				ENABLE_NS_ASSERTIONS = NO;
				ENABLE_STRICT_OBJC_MSGSEND = YES;
				GCC_C_LANGUAGE_STANDARD = gnu99;
				GCC_NO_COMMON_BLOCKS = YES;
				GCC_WARN_64_TO_32_BIT_CONVERSION = YES;
				GCC_WARN_ABOUT_RETURN_TYPE = YES_ERROR;
				GCC_WARN_UNDECLARED_SELECTOR = YES;
				GCC_WARN_UNINITIALIZED_AUTOS = YES_AGGRESSIVE;
				GCC_WARN_UNUSED_FUNCTION = YES;
				GCC_WARN_UNUSED_VARIABLE = YES;
				IPHONEOS_DEPLOYMENT_TARGET = 8.3;
				MTL_ENABLE_DEBUG_INFO = NO;
				SDKROOT = iphoneos;
				VALIDATE_PRODUCT = YES;
			};
			name = Release;
		};
		400F6A7C1B461DEA007E76E3 /* Debug */ = {
			isa = XCBuildConfiguration;
			buildSettings = {
				ASSETCATALOG_COMPILER_APPICON_NAME = AppIcon;
				INFOPLIST_FILE = CustomRatingBar/Info.plist;
				LD_RUNPATH_SEARCH_PATHS = "$(inherited) @executable_path/Frameworks";
				PRODUCT_NAME = "$(TARGET_NAME)";
			};
			name = Debug;
		};
		400F6A7D1B461DEA007E76E3 /* Release */ = {
			isa = XCBuildConfiguration;
			buildSettings = {
				ASSETCATALOG_COMPILER_APPICON_NAME = AppIcon;
				INFOPLIST_FILE = CustomRatingBar/Info.plist;
				LD_RUNPATH_SEARCH_PATHS = "$(inherited) @executable_path/Frameworks";
				PRODUCT_NAME = "$(TARGET_NAME)";
			};
			name = Release;
		};
		400F6A7F1B461DEA007E76E3 /* Debug */ = {
			isa = XCBuildConfiguration;
			buildSettings = {
				BUNDLE_LOADER = "$(TEST_HOST)";
				FRAMEWORK_SEARCH_PATHS = (
					"$(SDKROOT)/Developer/Library/Frameworks",
					"$(inherited)",
				);
				GCC_PREPROCESSOR_DEFINITIONS = (
					"DEBUG=1",
					"$(inherited)",
				);
				INFOPLIST_FILE = CustomRatingBarTests/Info.plist;
				LD_RUNPATH_SEARCH_PATHS = "$(inherited) @executable_path/Frameworks @loader_path/Frameworks";
				PRODUCT_NAME = "$(TARGET_NAME)";
				TEST_HOST = "$(BUILT_PRODUCTS_DIR)/CustomRatingBar.app/CustomRatingBar";
			};
			name = Debug;
		};
		400F6A801B461DEA007E76E3 /* Release */ = {
			isa = XCBuildConfiguration;
			buildSettings = {
				BUNDLE_LOADER = "$(TEST_HOST)";
				FRAMEWORK_SEARCH_PATHS = (
					"$(SDKROOT)/Developer/Library/Frameworks",
					"$(inherited)",
				);
				INFOPLIST_FILE = CustomRatingBarTests/Info.plist;
				LD_RUNPATH_SEARCH_PATHS = "$(inherited) @executable_path/Frameworks @loader_path/Frameworks";
				PRODUCT_NAME = "$(TARGET_NAME)";
				TEST_HOST = "$(BUILT_PRODUCTS_DIR)/CustomRatingBar.app/CustomRatingBar";
			};
			name = Release;
		};
/* End XCBuildConfiguration section */

/* Begin XCConfigurationList section */
		400F6A531B461DE9007E76E3 /* Build configuration list for PBXProject "CustomRatingBar" */ = {
			isa = XCConfigurationList;
			buildConfigurations = (
				400F6A791B461DEA007E76E3 /* Debug */,
				400F6A7A1B461DEA007E76E3 /* Release */,
			);
			defaultConfigurationIsVisible = 0;
			defaultConfigurationName = Release;
		};
		400F6A7B1B461DEA007E76E3 /* Build configuration list for PBXNativeTarget "CustomRatingBar" */ = {
			isa = XCConfigurationList;
			buildConfigurations = (
				400F6A7C1B461DEA007E76E3 /* Debug */,
				400F6A7D1B461DEA007E76E3 /* Release */,
			);
			defaultConfigurationIsVisible = 0;
		};
		400F6A7E1B461DEA007E76E3 /* Build configuration list for PBXNativeTarget "CustomRatingBarTests" */ = {
			isa = XCConfigurationList;
			buildConfigurations = (
				400F6A7F1B461DEA007E76E3 /* Debug */,
				400F6A801B461DEA007E76E3 /* Release */,
			);
			defaultConfigurationIsVisible = 0;
		};
/* End XCConfigurationList section */
	};
	rootObject = 400F6A501B461DE9007E76E3 /* Project object */;
}
